// !$*UTF8*$!
{
	archiveVersion = 1;
	classes = {
	};
	objectVersion = 55;
	objects = {

/* Begin PBXBuildFile section */
		7A4FDB620160CF1154DDBD7D /* Pods_FlixTests.framework in Frameworks */ = {isa = PBXBuildFile; fileRef = E3E69A21AD72E33620864884 /* Pods_FlixTests.framework */; };
		8C557AE128CAB0890018E89D /* AppDelegate.swift in Sources */ = {isa = PBXBuildFile; fileRef = 8C557AE028CAB0890018E89D /* AppDelegate.swift */; };
		8C557AE328CAB0890018E89D /* SceneDelegate.swift in Sources */ = {isa = PBXBuildFile; fileRef = 8C557AE228CAB0890018E89D /* SceneDelegate.swift */; };
		8C557AE528CAB0890018E89D /* ViewController.swift in Sources */ = {isa = PBXBuildFile; fileRef = 8C557AE428CAB0890018E89D /* ViewController.swift */; };
		8C557AE828CAB0890018E89D /* Main.storyboard in Resources */ = {isa = PBXBuildFile; fileRef = 8C557AE628CAB0890018E89D /* Main.storyboard */; };
		8C557AEA28CAB08D0018E89D /* Assets.xcassets in Resources */ = {isa = PBXBuildFile; fileRef = 8C557AE928CAB08D0018E89D /* Assets.xcassets */; };
		8C557AED28CAB08D0018E89D /* LaunchScreen.storyboard in Resources */ = {isa = PBXBuildFile; fileRef = 8C557AEB28CAB08D0018E89D /* LaunchScreen.storyboard */; };
		8C557AF828CAB08D0018E89D /* FlixTests.swift in Sources */ = {isa = PBXBuildFile; fileRef = 8C557AF728CAB08D0018E89D /* FlixTests.swift */; };
		8C557B0228CAB08D0018E89D /* FlixUITests.swift in Sources */ = {isa = PBXBuildFile; fileRef = 8C557B0128CAB08D0018E89D /* FlixUITests.swift */; };
		8C557B0428CAB08D0018E89D /* FlixUITestsLaunchTests.swift in Sources */ = {isa = PBXBuildFile; fileRef = 8C557B0328CAB08D0018E89D /* FlixUITestsLaunchTests.swift */; };
		8CDB81D628D0DB9E00BFC0A4 /* MovieCell.swift in Sources */ = {isa = PBXBuildFile; fileRef = 8CDB81D528D0DB9E00BFC0A4 /* MovieCell.swift */; };
		8CDB81D928D0E4A200BFC0A4 /* AlamofireImage in Frameworks */ = {isa = PBXBuildFile; productRef = 8CDB81D828D0E4A200BFC0A4 /* AlamofireImage */; };
		987A601A5CC89314722C6622 /* Pods_Flix_FlixUITests.framework in Frameworks */ = {isa = PBXBuildFile; fileRef = 5A101D0FB5BA3DBD4EB93BAC /* Pods_Flix_FlixUITests.framework */; };
		CBADB36D3148ACA3E2004137 /* Pods_Flix.framework in Frameworks */ = {isa = PBXBuildFile; fileRef = 3B2C074AAE9D855925CB3BFD /* Pods_Flix.framework */; };
/* End PBXBuildFile section */

/* Begin PBXContainerItemProxy section */
		8C557AF428CAB08D0018E89D /* PBXContainerItemProxy */ = {
			isa = PBXContainerItemProxy;
			containerPortal = 8C557AD528CAB0890018E89D /* Project object */;
			proxyType = 1;
			remoteGlobalIDString = 8C557ADC28CAB0890018E89D;
			remoteInfo = Flix;
		};
		8C557AFE28CAB08D0018E89D /* PBXContainerItemProxy */ = {
			isa = PBXContainerItemProxy;
			containerPortal = 8C557AD528CAB0890018E89D /* Project object */;
			proxyType = 1;
			remoteGlobalIDString = 8C557ADC28CAB0890018E89D;
			remoteInfo = Flix;
		};
/* End PBXContainerItemProxy section */

/* Begin PBXFileReference section */
		0DEF6ADC04DD410B6C9D5194 /* Pods-Flix-FlixUITests.debug.xcconfig */ = {isa = PBXFileReference; includeInIndex = 1; lastKnownFileType = text.xcconfig; name = "Pods-Flix-FlixUITests.debug.xcconfig"; path = "Target Support Files/Pods-Flix-FlixUITests/Pods-Flix-FlixUITests.debug.xcconfig"; sourceTree = "<group>"; };
		3B2C074AAE9D855925CB3BFD /* Pods_Flix.framework */ = {isa = PBXFileReference; explicitFileType = wrapper.framework; includeInIndex = 0; path = Pods_Flix.framework; sourceTree = BUILT_PRODUCTS_DIR; };
		4EC1FB850040639FA799E961 /* Pods-FlixTests.release.xcconfig */ = {isa = PBXFileReference; includeInIndex = 1; lastKnownFileType = text.xcconfig; name = "Pods-FlixTests.release.xcconfig"; path = "Target Support Files/Pods-FlixTests/Pods-FlixTests.release.xcconfig"; sourceTree = "<group>"; };
		5A101D0FB5BA3DBD4EB93BAC /* Pods_Flix_FlixUITests.framework */ = {isa = PBXFileReference; explicitFileType = wrapper.framework; includeInIndex = 0; path = Pods_Flix_FlixUITests.framework; sourceTree = BUILT_PRODUCTS_DIR; };
		6BF3EBF58050E877C1C79B9C /* Pods-Flix.release.xcconfig */ = {isa = PBXFileReference; includeInIndex = 1; lastKnownFileType = text.xcconfig; name = "Pods-Flix.release.xcconfig"; path = "Target Support Files/Pods-Flix/Pods-Flix.release.xcconfig"; sourceTree = "<group>"; };
		8C557ADD28CAB0890018E89D /* Flix.app */ = {isa = PBXFileReference; explicitFileType = wrapper.application; includeInIndex = 0; path = Flix.app; sourceTree = BUILT_PRODUCTS_DIR; };
		8C557AE028CAB0890018E89D /* AppDelegate.swift */ = {isa = PBXFileReference; lastKnownFileType = sourcecode.swift; path = AppDelegate.swift; sourceTree = "<group>"; };
		8C557AE228CAB0890018E89D /* SceneDelegate.swift */ = {isa = PBXFileReference; lastKnownFileType = sourcecode.swift; path = SceneDelegate.swift; sourceTree = "<group>"; };
		8C557AE428CAB0890018E89D /* ViewController.swift */ = {isa = PBXFileReference; lastKnownFileType = sourcecode.swift; path = ViewController.swift; sourceTree = "<group>"; };
		8C557AE728CAB0890018E89D /* Base */ = {isa = PBXFileReference; lastKnownFileType = file.storyboard; name = Base; path = Base.lproj/Main.storyboard; sourceTree = "<group>"; };
		8C557AE928CAB08D0018E89D /* Assets.xcassets */ = {isa = PBXFileReference; lastKnownFileType = folder.assetcatalog; path = Assets.xcassets; sourceTree = "<group>"; };
		8C557AEC28CAB08D0018E89D /* Base */ = {isa = PBXFileReference; lastKnownFileType = file.storyboard; name = Base; path = Base.lproj/LaunchScreen.storyboard; sourceTree = "<group>"; };
		8C557AEE28CAB08D0018E89D /* Info.plist */ = {isa = PBXFileReference; lastKnownFileType = text.plist.xml; path = Info.plist; sourceTree = "<group>"; };
		8C557AF328CAB08D0018E89D /* FlixTests.xctest */ = {isa = PBXFileReference; explicitFileType = wrapper.cfbundle; includeInIndex = 0; path = FlixTests.xctest; sourceTree = BUILT_PRODUCTS_DIR; };
		8C557AF728CAB08D0018E89D /* FlixTests.swift */ = {isa = PBXFileReference; lastKnownFileType = sourcecode.swift; path = FlixTests.swift; sourceTree = "<group>"; };
		8C557AFD28CAB08D0018E89D /* FlixUITests.xctest */ = {isa = PBXFileReference; explicitFileType = wrapper.cfbundle; includeInIndex = 0; path = FlixUITests.xctest; sourceTree = BUILT_PRODUCTS_DIR; };
		8C557B0128CAB08D0018E89D /* FlixUITests.swift */ = {isa = PBXFileReference; lastKnownFileType = sourcecode.swift; path = FlixUITests.swift; sourceTree = "<group>"; };
		8C557B0328CAB08D0018E89D /* FlixUITestsLaunchTests.swift */ = {isa = PBXFileReference; lastKnownFileType = sourcecode.swift; path = FlixUITestsLaunchTests.swift; sourceTree = "<group>"; };
		8C84ADE7B3453131DAF901BE /* Pods-FlixTests.debug.xcconfig */ = {isa = PBXFileReference; includeInIndex = 1; lastKnownFileType = text.xcconfig; name = "Pods-FlixTests.debug.xcconfig"; path = "Target Support Files/Pods-FlixTests/Pods-FlixTests.debug.xcconfig"; sourceTree = "<group>"; };
		8CDB81D528D0DB9E00BFC0A4 /* MovieCell.swift */ = {isa = PBXFileReference; lastKnownFileType = sourcecode.swift; path = MovieCell.swift; sourceTree = "<group>"; };
		C704400D13D9E1A9174A6200 /* Pods-Flix.debug.xcconfig */ = {isa = PBXFileReference; includeInIndex = 1; lastKnownFileType = text.xcconfig; name = "Pods-Flix.debug.xcconfig"; path = "Target Support Files/Pods-Flix/Pods-Flix.debug.xcconfig"; sourceTree = "<group>"; };
		E3E69A21AD72E33620864884 /* Pods_FlixTests.framework */ = {isa = PBXFileReference; explicitFileType = wrapper.framework; includeInIndex = 0; path = Pods_FlixTests.framework; sourceTree = BUILT_PRODUCTS_DIR; };
		EB9FEEA6C0B05E1E02D40E43 /* Pods-Flix-FlixUITests.release.xcconfig */ = {isa = PBXFileReference; includeInIndex = 1; lastKnownFileType = text.xcconfig; name = "Pods-Flix-FlixUITests.release.xcconfig"; path = "Target Support Files/Pods-Flix-FlixUITests/Pods-Flix-FlixUITests.release.xcconfig"; sourceTree = "<group>"; };
/* End PBXFileReference section */

/* Begin PBXFrameworksBuildPhase section */
		8C557ADA28CAB0890018E89D /* Frameworks */ = {
			isa = PBXFrameworksBuildPhase;
			buildActionMask = 2147483647;
			files = (
				8CDB81D928D0E4A200BFC0A4 /* AlamofireImage in Frameworks */,
				CBADB36D3148ACA3E2004137 /* Pods_Flix.framework in Frameworks */,
			);
			runOnlyForDeploymentPostprocessing = 0;
		};
		8C557AF028CAB08D0018E89D /* Frameworks */ = {
			isa = PBXFrameworksBuildPhase;
			buildActionMask = 2147483647;
			files = (
				7A4FDB620160CF1154DDBD7D /* Pods_FlixTests.framework in Frameworks */,
			);
			runOnlyForDeploymentPostprocessing = 0;
		};
		8C557AFA28CAB08D0018E89D /* Frameworks */ = {
			isa = PBXFrameworksBuildPhase;
			buildActionMask = 2147483647;
			files = (
				987A601A5CC89314722C6622 /* Pods_Flix_FlixUITests.framework in Frameworks */,
			);
			runOnlyForDeploymentPostprocessing = 0;
		};
/* End PBXFrameworksBuildPhase section */

/* Begin PBXGroup section */
		8C557AD428CAB0890018E89D = {
			isa = PBXGroup;
			children = (
				8C557ADF28CAB0890018E89D /* Flix */,
				8C557AF628CAB08D0018E89D /* FlixTests */,
				8C557B0028CAB08D0018E89D /* FlixUITests */,
				8C557ADE28CAB0890018E89D /* Products */,
				93432AAA74D7F194F0D4F931 /* Frameworks */,
				962BC77600A461747738B3C4 /* Pods */,
			);
			sourceTree = "<group>";
		};
		8C557ADE28CAB0890018E89D /* Products */ = {
			isa = PBXGroup;
			children = (
				8C557ADD28CAB0890018E89D /* Flix.app */,
				8C557AF328CAB08D0018E89D /* FlixTests.xctest */,
				8C557AFD28CAB08D0018E89D /* FlixUITests.xctest */,
			);
			name = Products;
			sourceTree = "<group>";
		};
		8C557ADF28CAB0890018E89D /* Flix */ = {
			isa = PBXGroup;
			children = (
				8C557AE028CAB0890018E89D /* AppDelegate.swift */,
				8C557AE228CAB0890018E89D /* SceneDelegate.swift */,
				8C557AE428CAB0890018E89D /* ViewController.swift */,
				8CDB81D528D0DB9E00BFC0A4 /* MovieCell.swift */,
				8C557AE628CAB0890018E89D /* Main.storyboard */,
				8C557AE928CAB08D0018E89D /* Assets.xcassets */,
				8C557AEB28CAB08D0018E89D /* LaunchScreen.storyboard */,
				8C557AEE28CAB08D0018E89D /* Info.plist */,
			);
			path = Flix;
			sourceTree = "<group>";
		};
		8C557AF628CAB08D0018E89D /* FlixTests */ = {
			isa = PBXGroup;
			children = (
				8C557AF728CAB08D0018E89D /* FlixTests.swift */,
			);
			path = FlixTests;
			sourceTree = "<group>";
		};
		8C557B0028CAB08D0018E89D /* FlixUITests */ = {
			isa = PBXGroup;
			children = (
				8C557B0128CAB08D0018E89D /* FlixUITests.swift */,
				8C557B0328CAB08D0018E89D /* FlixUITestsLaunchTests.swift */,
			);
			path = FlixUITests;
			sourceTree = "<group>";
		};
		93432AAA74D7F194F0D4F931 /* Frameworks */ = {
			isa = PBXGroup;
			children = (
				3B2C074AAE9D855925CB3BFD /* Pods_Flix.framework */,
				5A101D0FB5BA3DBD4EB93BAC /* Pods_Flix_FlixUITests.framework */,
				E3E69A21AD72E33620864884 /* Pods_FlixTests.framework */,
			);
			name = Frameworks;
			sourceTree = "<group>";
		};
		962BC77600A461747738B3C4 /* Pods */ = {
			isa = PBXGroup;
			children = (
				C704400D13D9E1A9174A6200 /* Pods-Flix.debug.xcconfig */,
				6BF3EBF58050E877C1C79B9C /* Pods-Flix.release.xcconfig */,
				0DEF6ADC04DD410B6C9D5194 /* Pods-Flix-FlixUITests.debug.xcconfig */,
				EB9FEEA6C0B05E1E02D40E43 /* Pods-Flix-FlixUITests.release.xcconfig */,
				8C84ADE7B3453131DAF901BE /* Pods-FlixTests.debug.xcconfig */,
				4EC1FB850040639FA799E961 /* Pods-FlixTests.release.xcconfig */,
			);
			path = Pods;
			sourceTree = "<group>";
		};
/* End PBXGroup section */

/* Begin PBXNativeTarget section */
		8C557ADC28CAB0890018E89D /* Flix */ = {
			isa = PBXNativeTarget;
			buildConfigurationList = 8C557B0728CAB08D0018E89D /* Build configuration list for PBXNativeTarget "Flix" */;
			buildPhases = (
				07F2FD19299AF8664366BFD5 /* [CP] Check Pods Manifest.lock */,
				8C557AD928CAB0890018E89D /* Sources */,
				8C557ADA28CAB0890018E89D /* Frameworks */,
				8C557ADB28CAB0890018E89D /* Resources */,
				4B885398DB2B88959A6AC4FE /* [CP] Embed Pods Frameworks */,
			);
			buildRules = (
			);
			dependencies = (
			);
			name = Flix;
			packageProductDependencies = (
				8CDB81D828D0E4A200BFC0A4 /* AlamofireImage */,
			);
			productName = Flix;
			productReference = 8C557ADD28CAB0890018E89D /* Flix.app */;
			productType = "com.apple.product-type.application";
		};
		8C557AF228CAB08D0018E89D /* FlixTests */ = {
			isa = PBXNativeTarget;
			buildConfigurationList = 8C557B0A28CAB08D0018E89D /* Build configuration list for PBXNativeTarget "FlixTests" */;
			buildPhases = (
				5D675D5DE3A07567BF7BF1A5 /* [CP] Check Pods Manifest.lock */,
				8C557AEF28CAB08D0018E89D /* Sources */,
				8C557AF028CAB08D0018E89D /* Frameworks */,
				8C557AF128CAB08D0018E89D /* Resources */,
			);
			buildRules = (
			);
			dependencies = (
				8C557AF528CAB08D0018E89D /* PBXTargetDependency */,
			);
			name = FlixTests;
			productName = FlixTests;
			productReference = 8C557AF328CAB08D0018E89D /* FlixTests.xctest */;
			productType = "com.apple.product-type.bundle.unit-test";
		};
		8C557AFC28CAB08D0018E89D /* FlixUITests */ = {
			isa = PBXNativeTarget;
			buildConfigurationList = 8C557B0D28CAB08D0018E89D /* Build configuration list for PBXNativeTarget "FlixUITests" */;
			buildPhases = (
				1ABFF34BEB234C4A67FF0353 /* [CP] Check Pods Manifest.lock */,
				8C557AF928CAB08D0018E89D /* Sources */,
				8C557AFA28CAB08D0018E89D /* Frameworks */,
				8C557AFB28CAB08D0018E89D /* Resources */,
				0A8DDE2EA29C3DA71EB8074B /* [CP] Embed Pods Frameworks */,
			);
			buildRules = (
			);
			dependencies = (
				8C557AFF28CAB08D0018E89D /* PBXTargetDependency */,
			);
			name = FlixUITests;
			productName = FlixUITests;
			productReference = 8C557AFD28CAB08D0018E89D /* FlixUITests.xctest */;
			productType = "com.apple.product-type.bundle.ui-testing";
		};
/* End PBXNativeTarget section */

/* Begin PBXProject section */
		8C557AD528CAB0890018E89D /* Project object */ = {
			isa = PBXProject;
			attributes = {
				BuildIndependentTargetsInParallel = 1;
				LastSwiftUpdateCheck = 1340;
				LastUpgradeCheck = 1340;
				TargetAttributes = {
					8C557ADC28CAB0890018E89D = {
						CreatedOnToolsVersion = 13.4.1;
					};
					8C557AF228CAB08D0018E89D = {
						CreatedOnToolsVersion = 13.4.1;
						TestTargetID = 8C557ADC28CAB0890018E89D;
					};
					8C557AFC28CAB08D0018E89D = {
						CreatedOnToolsVersion = 13.4.1;
						TestTargetID = 8C557ADC28CAB0890018E89D;
					};
				};
			};
			buildConfigurationList = 8C557AD828CAB0890018E89D /* Build configuration list for PBXProject "Flix" */;
			compatibilityVersion = "Xcode 13.0";
			developmentRegion = en;
			hasScannedForEncodings = 0;
			knownRegions = (
				en,
				Base,
			);
			mainGroup = 8C557AD428CAB0890018E89D;
			packageReferences = (
				8CDB81D728D0E4A200BFC0A4 /* XCRemoteSwiftPackageReference "AlamofireImage" */,
			);
			productRefGroup = 8C557ADE28CAB0890018E89D /* Products */;
			projectDirPath = "";
			projectRoot = "";
			targets = (
				8C557ADC28CAB0890018E89D /* Flix */,
				8C557AF228CAB08D0018E89D /* FlixTests */,
				8C557AFC28CAB08D0018E89D /* FlixUITests */,
			);
		};
/* End PBXProject section */

/* Begin PBXResourcesBuildPhase section */
		8C557ADB28CAB0890018E89D /* Resources */ = {
			isa = PBXResourcesBuildPhase;
			buildActionMask = 2147483647;
			files = (
				8C557AED28CAB08D0018E89D /* LaunchScreen.storyboard in Resources */,
				8C557AEA28CAB08D0018E89D /* Assets.xcassets in Resources */,
				8C557AE828CAB0890018E89D /* Main.storyboard in Resources */,
			);
			runOnlyForDeploymentPostprocessing = 0;
		};
		8C557AF128CAB08D0018E89D /* Resources */ = {
			isa = PBXResourcesBuildPhase;
			buildActionMask = 2147483647;
			files = (
			);
			runOnlyForDeploymentPostprocessing = 0;
		};
		8C557AFB28CAB08D0018E89D /* Resources */ = {
			isa = PBXResourcesBuildPhase;
			buildActionMask = 2147483647;
			files = (
			);
			runOnlyForDeploymentPostprocessing = 0;
		};
/* End PBXResourcesBuildPhase section */

/* Begin PBXShellScriptBuildPhase section */
		07F2FD19299AF8664366BFD5 /* [CP] Check Pods Manifest.lock */ = {
			isa = PBXShellScriptBuildPhase;
			buildActionMask = 2147483647;
			files = (
			);
			inputFileListPaths = (
			);
			inputPaths = (
				"${PODS_PODFILE_DIR_PATH}/Podfile.lock",
				"${PODS_ROOT}/Manifest.lock",
			);
			name = "[CP] Check Pods Manifest.lock";
			outputFileListPaths = (
			);
			outputPaths = (
				"$(DERIVED_FILE_DIR)/Pods-Flix-checkManifestLockResult.txt",
			);
			runOnlyForDeploymentPostprocessing = 0;
			shellPath = /bin/sh;
			shellScript = "diff \"${PODS_PODFILE_DIR_PATH}/Podfile.lock\" \"${PODS_ROOT}/Manifest.lock\" > /dev/null\nif [ $? != 0 ] ; then\n    # print error to STDERR\n    echo \"error: The sandbox is not in sync with the Podfile.lock. Run 'pod install' or update your CocoaPods installation.\" >&2\n    exit 1\nfi\n# This output is used by Xcode 'outputs' to avoid re-running this script phase.\necho \"SUCCESS\" > \"${SCRIPT_OUTPUT_FILE_0}\"\n";
			showEnvVarsInLog = 0;
		};
		0A8DDE2EA29C3DA71EB8074B /* [CP] Embed Pods Frameworks */ = {
			isa = PBXShellScriptBuildPhase;
			buildActionMask = 2147483647;
			files = (
			);
			inputFileListPaths = (
				"${PODS_ROOT}/Target Support Files/Pods-Flix-FlixUITests/Pods-Flix-FlixUITests-frameworks-${CONFIGURATION}-input-files.xcfilelist",
			);
			name = "[CP] Embed Pods Frameworks";
			outputFileListPaths = (
				"${PODS_ROOT}/Target Support Files/Pods-Flix-FlixUITests/Pods-Flix-FlixUITests-frameworks-${CONFIGURATION}-output-files.xcfilelist",
			);
			runOnlyForDeploymentPostprocessing = 0;
			shellPath = /bin/sh;
			shellScript = "\"${PODS_ROOT}/Target Support Files/Pods-Flix-FlixUITests/Pods-Flix-FlixUITests-frameworks.sh\"\n";
			showEnvVarsInLog = 0;
		};
		1ABFF34BEB234C4A67FF0353 /* [CP] Check Pods Manifest.lock */ = {
			isa = PBXShellScriptBuildPhase;
			buildActionMask = 2147483647;
			files = (
			);
			inputFileListPaths = (
			);
			inputPaths = (
				"${PODS_PODFILE_DIR_PATH}/Podfile.lock",
				"${PODS_ROOT}/Manifest.lock",
			);
			name = "[CP] Check Pods Manifest.lock";
			outputFileListPaths = (
			);
			outputPaths = (
				"$(DERIVED_FILE_DIR)/Pods-Flix-FlixUITests-checkManifestLockResult.txt",
			);
			runOnlyForDeploymentPostprocessing = 0;
			shellPath = /bin/sh;
			shellScript = "diff \"${PODS_PODFILE_DIR_PATH}/Podfile.lock\" \"${PODS_ROOT}/Manifest.lock\" > /dev/null\nif [ $? != 0 ] ; then\n    # print error to STDERR\n    echo \"error: The sandbox is not in sync with the Podfile.lock. Run 'pod install' or update your CocoaPods installation.\" >&2\n    exit 1\nfi\n# This output is used by Xcode 'outputs' to avoid re-running this script phase.\necho \"SUCCESS\" > \"${SCRIPT_OUTPUT_FILE_0}\"\n";
			showEnvVarsInLog = 0;
		};
		4B885398DB2B88959A6AC4FE /* [CP] Embed Pods Frameworks */ = {
			isa = PBXShellScriptBuildPhase;
			buildActionMask = 2147483647;
			files = (
			);
			inputFileListPaths = (
				"${PODS_ROOT}/Target Support Files/Pods-Flix/Pods-Flix-frameworks-${CONFIGURATION}-input-files.xcfilelist",
			);
			name = "[CP] Embed Pods Frameworks";
			outputFileListPaths = (
				"${PODS_ROOT}/Target Support Files/Pods-Flix/Pods-Flix-frameworks-${CONFIGURATION}-output-files.xcfilelist",
			);
			runOnlyForDeploymentPostprocessing = 0;
			shellPath = /bin/sh;
			shellScript = "\"${PODS_ROOT}/Target Support Files/Pods-Flix/Pods-Flix-frameworks.sh\"\n";
			showEnvVarsInLog = 0;
		};
		5D675D5DE3A07567BF7BF1A5 /* [CP] Check Pods Manifest.lock */ = {
			isa = PBXShellScriptBuildPhase;
			buildActionMask = 2147483647;
			files = (
			);
			inputFileListPaths = (
			);
			inputPaths = (
				"${PODS_PODFILE_DIR_PATH}/Podfile.lock",
				"${PODS_ROOT}/Manifest.lock",
			);
			name = "[CP] Check Pods Manifest.lock";
			outputFileListPaths = (
			);
			outputPaths = (
				"$(DERIVED_FILE_DIR)/Pods-FlixTests-checkManifestLockResult.txt",
			);
			runOnlyForDeploymentPostprocessing = 0;
			shellPath = /bin/sh;
			shellScript = "diff \"${PODS_PODFILE_DIR_PATH}/Podfile.lock\" \"${PODS_ROOT}/Manifest.lock\" > /dev/null\nif [ $? != 0 ] ; then\n    # print error to STDERR\n    echo \"error: The sandbox is not in sync with the Podfile.lock. Run 'pod install' or update your CocoaPods installation.\" >&2\n    exit 1\nfi\n# This output is used by Xcode 'outputs' to avoid re-running this script phase.\necho \"SUCCESS\" > \"${SCRIPT_OUTPUT_FILE_0}\"\n";
			showEnvVarsInLog = 0;
		};
/* End PBXShellScriptBuildPhase section */

/* Begin PBXSourcesBuildPhase section */
		8C557AD928CAB0890018E89D /* Sources */ = {
			isa = PBXSourcesBuildPhase;
			buildActionMask = 2147483647;
			files = (
				8C557AE528CAB0890018E89D /* ViewController.swift in Sources */,
				8C557AE128CAB0890018E89D /* AppDelegate.swift in Sources */,
				8CDB81D628D0DB9E00BFC0A4 /* MovieCell.swift in Sources */,
				8C557AE328CAB0890018E89D /* SceneDelegate.swift in Sources */,
			);
			runOnlyForDeploymentPostprocessing = 0;
		};
		8C557AEF28CAB08D0018E89D /* Sources */ = {
			isa = PBXSourcesBuildPhase;
			buildActionMask = 2147483647;
			files = (
				8C557AF828CAB08D0018E89D /* FlixTests.swift in Sources */,
			);
			runOnlyForDeploymentPostprocessing = 0;
		};
		8C557AF928CAB08D0018E89D /* Sources */ = {
			isa = PBXSourcesBuildPhase;
			buildActionMask = 2147483647;
			files = (
				8C557B0228CAB08D0018E89D /* FlixUITests.swift in Sources */,
				8C557B0428CAB08D0018E89D /* FlixUITestsLaunchTests.swift in Sources */,
			);
			runOnlyForDeploymentPostprocessing = 0;
		};
/* End PBXSourcesBuildPhase section */

/* Begin PBXTargetDependency section */
		8C557AF528CAB08D0018E89D /* PBXTargetDependency */ = {
			isa = PBXTargetDependency;
			target = 8C557ADC28CAB0890018E89D /* Flix */;
			targetProxy = 8C557AF428CAB08D0018E89D /* PBXContainerItemProxy */;
		};
		8C557AFF28CAB08D0018E89D /* PBXTargetDependency */ = {
			isa = PBXTargetDependency;
			target = 8C557ADC28CAB0890018E89D /* Flix */;
			targetProxy = 8C557AFE28CAB08D0018E89D /* PBXContainerItemProxy */;
		};
/* End PBXTargetDependency section */

/* Begin PBXVariantGroup section */
		8C557AE628CAB0890018E89D /* Main.storyboard */ = {
			isa = PBXVariantGroup;
			children = (
				8C557AE728CAB0890018E89D /* Base */,
			);
			name = Main.storyboard;
			sourceTree = "<group>";
		};
		8C557AEB28CAB08D0018E89D /* LaunchScreen.storyboard */ = {
			isa = PBXVariantGroup;
			children = (
				8C557AEC28CAB08D0018E89D /* Base */,
			);
			name = LaunchScreen.storyboard;
			sourceTree = "<group>";
		};
/* End PBXVariantGroup section */

/* Begin XCBuildConfiguration section */
		8C557B0528CAB08D0018E89D /* Debug */ = {
			isa = XCBuildConfiguration;
			buildSettings = {
				ALWAYS_SEARCH_USER_PATHS = NO;
				CLANG_ANALYZER_NONNULL = YES;
				CLANG_ANALYZER_NUMBER_OBJECT_CONVERSION = YES_AGGRESSIVE;
				CLANG_CXX_LANGUAGE_STANDARD = "gnu++17";
				CLANG_ENABLE_MODULES = YES;
				CLANG_ENABLE_OBJC_ARC = YES;
				CLANG_ENABLE_OBJC_WEAK = YES;
				CLANG_WARN_BLOCK_CAPTURE_AUTORELEASING = YES;
				CLANG_WARN_BOOL_CONVERSION = YES;
				CLANG_WARN_COMMA = YES;
				CLANG_WARN_CONSTANT_CONVERSION = YES;
				CLANG_WARN_DEPRECATED_OBJC_IMPLEMENTATIONS = YES;
				CLANG_WARN_DIRECT_OBJC_ISA_USAGE = YES_ERROR;
				CLANG_WARN_DOCUMENTATION_COMMENTS = YES;
				CLANG_WARN_EMPTY_BODY = YES;
				CLANG_WARN_ENUM_CONVERSION = YES;
				CLANG_WARN_INFINITE_RECURSION = YES;
				CLANG_WARN_INT_CONVERSION = YES;
				CLANG_WARN_NON_LITERAL_NULL_CONVERSION = YES;
				CLANG_WARN_OBJC_IMPLICIT_RETAIN_SELF = YES;
				CLANG_WARN_OBJC_LITERAL_CONVERSION = YES;
				CLANG_WARN_OBJC_ROOT_CLASS = YES_ERROR;
				CLANG_WARN_QUOTED_INCLUDE_IN_FRAMEWORK_HEADER = YES;
				CLANG_WARN_RANGE_LOOP_ANALYSIS = YES;
				CLANG_WARN_STRICT_PROTOTYPES = YES;
				CLANG_WARN_SUSPICIOUS_MOVE = YES;
				CLANG_WARN_UNGUARDED_AVAILABILITY = YES_AGGRESSIVE;
				CLANG_WARN_UNREACHABLE_CODE = YES;
				CLANG_WARN__DUPLICATE_METHOD_MATCH = YES;
				COPY_PHASE_STRIP = NO;
				DEBUG_INFORMATION_FORMAT = dwarf;
				ENABLE_STRICT_OBJC_MSGSEND = YES;
				ENABLE_TESTABILITY = YES;
				GCC_C_LANGUAGE_STANDARD = gnu11;
				GCC_DYNAMIC_NO_PIC = NO;
				GCC_NO_COMMON_BLOCKS = YES;
				GCC_OPTIMIZATION_LEVEL = 0;
				GCC_PREPROCESSOR_DEFINITIONS = (
					"DEBUG=1",
					"$(inherited)",
				);
				GCC_WARN_64_TO_32_BIT_CONVERSION = YES;
				GCC_WARN_ABOUT_RETURN_TYPE = YES_ERROR;
				GCC_WARN_UNDECLARED_SELECTOR = YES;
				GCC_WARN_UNINITIALIZED_AUTOS = YES_AGGRESSIVE;
				GCC_WARN_UNUSED_FUNCTION = YES;
				GCC_WARN_UNUSED_VARIABLE = YES;
				IPHONEOS_DEPLOYMENT_TARGET = 15.5;
				MTL_ENABLE_DEBUG_INFO = INCLUDE_SOURCE;
				MTL_FAST_MATH = YES;
				ONLY_ACTIVE_ARCH = YES;
				SDKROOT = iphoneos;
				SWIFT_ACTIVE_COMPILATION_CONDITIONS = DEBUG;
				SWIFT_OPTIMIZATION_LEVEL = "-Onone";
			};
			name = Debug;
		};
		8C557B0628CAB08D0018E89D /* Release */ = {
			isa = XCBuildConfiguration;
			buildSettings = {
				ALWAYS_SEARCH_USER_PATHS = NO;
				CLANG_ANALYZER_NONNULL = YES;
				CLANG_ANALYZER_NUMBER_OBJECT_CONVERSION = YES_AGGRESSIVE;
				CLANG_CXX_LANGUAGE_STANDARD = "gnu++17";
				CLANG_ENABLE_MODULES = YES;
				CLANG_ENABLE_OBJC_ARC = YES;
				CLANG_ENABLE_OBJC_WEAK = YES;
				CLANG_WARN_BLOCK_CAPTURE_AUTORELEASING = YES;
				CLANG_WARN_BOOL_CONVERSION = YES;
				CLANG_WARN_COMMA = YES;
				CLANG_WARN_CONSTANT_CONVERSION = YES;
				CLANG_WARN_DEPRECATED_OBJC_IMPLEMENTATIONS = YES;
				CLANG_WARN_DIRECT_OBJC_ISA_USAGE = YES_ERROR;
				CLANG_WARN_DOCUMENTATION_COMMENTS = YES;
				CLANG_WARN_EMPTY_BODY = YES;
				CLANG_WARN_ENUM_CONVERSION = YES;
				CLANG_WARN_INFINITE_RECURSION = YES;
				CLANG_WARN_INT_CONVERSION = YES;
				CLANG_WARN_NON_LITERAL_NULL_CONVERSION = YES;
				CLANG_WARN_OBJC_IMPLICIT_RETAIN_SELF = YES;
				CLANG_WARN_OBJC_LITERAL_CONVERSION = YES;
				CLANG_WARN_OBJC_ROOT_CLASS = YES_ERROR;
				CLANG_WARN_QUOTED_INCLUDE_IN_FRAMEWORK_HEADER = YES;
				CLANG_WARN_RANGE_LOOP_ANALYSIS = YES;
				CLANG_WARN_STRICT_PROTOTYPES = YES;
				CLANG_WARN_SUSPICIOUS_MOVE = YES;
				CLANG_WARN_UNGUARDED_AVAILABILITY = YES_AGGRESSIVE;
				CLANG_WARN_UNREACHABLE_CODE = YES;
				CLANG_WARN__DUPLICATE_METHOD_MATCH = YES;
				COPY_PHASE_STRIP = NO;
				DEBUG_INFORMATION_FORMAT = "dwarf-with-dsym";
				ENABLE_NS_ASSERTIONS = NO;
				ENABLE_STRICT_OBJC_MSGSEND = YES;
				GCC_C_LANGUAGE_STANDARD = gnu11;
				GCC_NO_COMMON_BLOCKS = YES;
				GCC_WARN_64_TO_32_BIT_CONVERSION = YES;
				GCC_WARN_ABOUT_RETURN_TYPE = YES_ERROR;
				GCC_WARN_UNDECLARED_SELECTOR = YES;
				GCC_WARN_UNINITIALIZED_AUTOS = YES_AGGRESSIVE;
				GCC_WARN_UNUSED_FUNCTION = YES;
				GCC_WARN_UNUSED_VARIABLE = YES;
				IPHONEOS_DEPLOYMENT_TARGET = 15.5;
				MTL_ENABLE_DEBUG_INFO = NO;
				MTL_FAST_MATH = YES;
				SDKROOT = iphoneos;
				SWIFT_COMPILATION_MODE = wholemodule;
				SWIFT_OPTIMIZATION_LEVEL = "-O";
				VALIDATE_PRODUCT = YES;
			};
			name = Release;
		};
		8C557B0828CAB08D0018E89D /* Debug */ = {
			isa = XCBuildConfiguration;
			baseConfigurationReference = C704400D13D9E1A9174A6200 /* Pods-Flix.debug.xcconfig */;
			buildSettings = {
				ASSETCATALOG_COMPILER_APPICON_NAME = AppIcon;
				ASSETCATALOG_COMPILER_GLOBAL_ACCENT_COLOR_NAME = AccentColor;
				CODE_SIGN_STYLE = Automatic;
				CURRENT_PROJECT_VERSION = 1;
				DEVELOPMENT_TEAM = AK8RXA9UTF;
				GENERATE_INFOPLIST_FILE = YES;
				INFOPLIST_FILE = Flix/Info.plist;
				INFOPLIST_KEY_UIApplicationSupportsIndirectInputEvents = YES;
				INFOPLIST_KEY_UILaunchStoryboardName = LaunchScreen;
				INFOPLIST_KEY_UIMainStoryboardFile = Main;
				INFOPLIST_KEY_UISupportedInterfaceOrientations_iPad = "UIInterfaceOrientationPortrait UIInterfaceOrientationPortraitUpsideDown UIInterfaceOrientationLandscapeLeft UIInterfaceOrientationLandscapeRight";
				INFOPLIST_KEY_UISupportedInterfaceOrientations_iPhone = "UIInterfaceOrientationPortrait UIInterfaceOrientationLandscapeLeft UIInterfaceOrientationLandscapeRight";
				LD_RUNPATH_SEARCH_PATHS = (
					"$(inherited)",
					"@executable_path/Frameworks",
				);
				MARKETING_VERSION = 1.0;
				PRODUCT_BUNDLE_IDENTIFIER = nru.Flix;
				PRODUCT_NAME = "$(TARGET_NAME)";
				SWIFT_EMIT_LOC_STRINGS = YES;
				SWIFT_VERSION = 5.0;
				TARGETED_DEVICE_FAMILY = "1,2";
			};
			name = Debug;
		};
		8C557B0928CAB08D0018E89D /* Release */ = {
			isa = XCBuildConfiguration;
			baseConfigurationReference = 6BF3EBF58050E877C1C79B9C /* Pods-Flix.release.xcconfig */;
			buildSettings = {
				ASSETCATALOG_COMPILER_APPICON_NAME = AppIcon;
				ASSETCATALOG_COMPILER_GLOBAL_ACCENT_COLOR_NAME = AccentColor;
				CODE_SIGN_STYLE = Automatic;
				CURRENT_PROJECT_VERSION = 1;
				DEVELOPMENT_TEAM = AK8RXA9UTF;
				GENERATE_INFOPLIST_FILE = YES;
				INFOPLIST_FILE = Flix/Info.plist;
				INFOPLIST_KEY_UIApplicationSupportsIndirectInputEvents = YES;
				INFOPLIST_KEY_UILaunchStoryboardName = LaunchScreen;
				INFOPLIST_KEY_UIMainStoryboardFile = Main;
				INFOPLIST_KEY_UISupportedInterfaceOrientations_iPad = "UIInterfaceOrientationPortrait UIInterfaceOrientationPortraitUpsideDown UIInterfaceOrientationLandscapeLeft UIInterfaceOrientationLandscapeRight";
				INFOPLIST_KEY_UISupportedInterfaceOrientations_iPhone = "UIInterfaceOrientationPortrait UIInterfaceOrientationLandscapeLeft UIInterfaceOrientationLandscapeRight";
				LD_RUNPATH_SEARCH_PATHS = (
					"$(inherited)",
					"@executable_path/Frameworks",
				);
				MARKETING_VERSION = 1.0;
				PRODUCT_BUNDLE_IDENTIFIER = nru.Flix;
				PRODUCT_NAME = "$(TARGET_NAME)";
				SWIFT_EMIT_LOC_STRINGS = YES;
				SWIFT_VERSION = 5.0;
				TARGETED_DEVICE_FAMILY = "1,2";
			};
			name = Release;
		};
		8C557B0B28CAB08D0018E89D /* Debug */ = {
			isa = XCBuildConfiguration;
			baseConfigurationReference = 8C84ADE7B3453131DAF901BE /* Pods-FlixTests.debug.xcconfig */;
			buildSettings = {
				ALWAYS_EMBED_SWIFT_STANDARD_LIBRARIES = YES;
				BUNDLE_LOADER = "$(TEST_HOST)";
				CODE_SIGN_STYLE = Automatic;
				CURRENT_PROJECT_VERSION = 1;
				DEVELOPMENT_TEAM = AK8RXA9UTF;
				GENERATE_INFOPLIST_FILE = YES;
				IPHONEOS_DEPLOYMENT_TARGET = 15.5;
				MARKETING_VERSION = 1.0;
				PRODUCT_BUNDLE_IDENTIFIER = nru.FlixTests;
				PRODUCT_NAME = "$(TARGET_NAME)";
				SWIFT_EMIT_LOC_STRINGS = NO;
				SWIFT_VERSION = 5.0;
				TARGETED_DEVICE_FAMILY = "1,2";
				TEST_HOST = "$(BUILT_PRODUCTS_DIR)/Flix.app/Flix";
			};
			name = Debug;
		};
		8C557B0C28CAB08D0018E89D /* Release */ = {
			isa = XCBuildConfiguration;
			baseConfigurationReference = 4EC1FB850040639FA799E961 /* Pods-FlixTests.release.xcconfig */;
			buildSettings = {
				ALWAYS_EMBED_SWIFT_STANDARD_LIBRARIES = YES;
				BUNDLE_LOADER = "$(TEST_HOST)";
				CODE_SIGN_STYLE = Automatic;
				CURRENT_PROJECT_VERSION = 1;
				DEVELOPMENT_TEAM = AK8RXA9UTF;
				GENERATE_INFOPLIST_FILE = YES;
				IPHONEOS_DEPLOYMENT_TARGET = 15.5;
				MARKETING_VERSION = 1.0;
				PRODUCT_BUNDLE_IDENTIFIER = nru.FlixTests;
				PRODUCT_NAME = "$(TARGET_NAME)";
				SWIFT_EMIT_LOC_STRINGS = NO;
				SWIFT_VERSION = 5.0;
				TARGETED_DEVICE_FAMILY = "1,2";
				TEST_HOST = "$(BUILT_PRODUCTS_DIR)/Flix.app/Flix";
			};
			name = Release;
		};
		8C557B0E28CAB08D0018E89D /* Debug */ = {
			isa = XCBuildConfiguration;
			baseConfigurationReference = 0DEF6ADC04DD410B6C9D5194 /* Pods-Flix-FlixUITests.debug.xcconfig */;
			buildSettings = {
				ALWAYS_EMBED_SWIFT_STANDARD_LIBRARIES = YES;
				CODE_SIGN_STYLE = Automatic;
				CURRENT_PROJECT_VERSION = 1;
				DEVELOPMENT_TEAM = AK8RXA9UTF;
				GENERATE_INFOPLIST_FILE = YES;
				MARKETING_VERSION = 1.0;
				PRODUCT_BUNDLE_IDENTIFIER = nru.FlixUITests;
				PRODUCT_NAME = "$(TARGET_NAME)";
				SWIFT_EMIT_LOC_STRINGS = NO;
				SWIFT_VERSION = 5.0;
				TARGETED_DEVICE_FAMILY = "1,2";
				TEST_TARGET_NAME = Flix;
			};
			name = Debug;
		};
		8C557B0F28CAB08D0018E89D /* Release */ = {
			isa = XCBuildConfiguration;
			baseConfigurationReference = EB9FEEA6C0B05E1E02D40E43 /* Pods-Flix-FlixUITests.release.xcconfig */;
			buildSettings = {
				ALWAYS_EMBED_SWIFT_STANDARD_LIBRARIES = YES;
				CODE_SIGN_STYLE = Automatic;
				CURRENT_PROJECT_VERSION = 1;
				DEVELOPMENT_TEAM = AK8RXA9UTF;
				GENERATE_INFOPLIST_FILE = YES;
				MARKETING_VERSION = 1.0;
				PRODUCT_BUNDLE_IDENTIFIER = nru.FlixUITests;
				PRODUCT_NAME = "$(TARGET_NAME)";
				SWIFT_EMIT_LOC_STRINGS = NO;
				SWIFT_VERSION = 5.0;
				TARGETED_DEVICE_FAMILY = "1,2";
				TEST_TARGET_NAME = Flix;
			};
			name = Release;
		};
/* End XCBuildConfiguration section */

/* Begin XCConfigurationList section */
		8C557AD828CAB0890018E89D /* Build configuration list for PBXProject "Flix" */ = {
			isa = XCConfigurationList;
			buildConfigurations = (
				8C557B0528CAB08D0018E89D /* Debug */,
				8C557B0628CAB08D0018E89D /* Release */,
			);
			defaultConfigurationIsVisible = 0;
			defaultConfigurationName = Release;
		};
		8C557B0728CAB08D0018E89D /* Build configuration list for PBXNativeTarget "Flix" */ = {
			isa = XCConfigurationList;
			buildConfigurations = (
				8C557B0828CAB08D0018E89D /* Debug */,
				8C557B0928CAB08D0018E89D /* Release */,
			);
			defaultConfigurationIsVisible = 0;
			defaultConfigurationName = Release;
		};
		8C557B0A28CAB08D0018E89D /* Build configuration list for PBXNativeTarget "FlixTests" */ = {
			isa = XCConfigurationList;
			buildConfigurations = (
				8C557B0B28CAB08D0018E89D /* Debug */,
				8C557B0C28CAB08D0018E89D /* Release */,
			);
			defaultConfigurationIsVisible = 0;
			defaultConfigurationName = Release;
		};
		8C557B0D28CAB08D0018E89D /* Build configuration list for PBXNativeTarget "FlixUITests" */ = {
			isa = XCConfigurationList;
			buildConfigurations = (
				8C557B0E28CAB08D0018E89D /* Debug */,
				8C557B0F28CAB08D0018E89D /* Release */,
			);
			defaultConfigurationIsVisible = 0;
			defaultConfigurationName = Release;
		};
/* End XCConfigurationList section */

/* Begin XCRemoteSwiftPackageReference section */
		8CDB81D728D0E4A200BFC0A4 /* XCRemoteSwiftPackageReference "AlamofireImage" */ = {
			isa = XCRemoteSwiftPackageReference;
			repositoryURL = "https://github.com/Alamofire/AlamofireImage";
			requirement = {
				kind = upToNextMajorVersion;
				minimumVersion = 4.0.0;
			};
		};
/* End XCRemoteSwiftPackageReference section */

/* Begin XCSwiftPackageProductDependency section */
		8CDB81D828D0E4A200BFC0A4 /* AlamofireImage */ = {
			isa = XCSwiftPackageProductDependency;
			package = 8CDB81D728D0E4A200BFC0A4 /* XCRemoteSwiftPackageReference "AlamofireImage" */;
			productName = AlamofireImage;
		};
/* End XCSwiftPackageProductDependency section */
	};
	rootObject = 8C557AD528CAB0890018E89D /* Project object */;
}
